
Microsoft Visual Studio Solution File, Format Version 12.00
# Visual Studio 15
VisualStudioVersion = 15.0.28307.757
MinimumVisualStudioVersion = 10.0.40219.1
Project("{9A19103F-16F7-4668-BE54-9A1E7A4F7556}") = "ExtraDepenencyTest", "Extratest\ExtraDepenencyTest\ExtraDepenencyTest.csproj", "{1F3FA547-1650-402F-9D8B-DB1E9FE4C3BC}"
EndProject
Project("{9A19103F-16F7-4668-BE54-9A1E7A4F7556}") = "Modular.Core", "Core\Modular.Core\Modular.Core.csproj", "{339C79CA-9232-4935-8AC8-5A4A62E3385D}"
EndProject
Project("{2150E333-8FDC-42A3-9474-1A3956D46DE8}") = "Modules", "Modules", "{C42442A9-441E-452A-82E3-FCA2EB29D835}"
EndProject
Project("{FAE04EC0-301F-11D3-BF4B-00C04F79EFBC}") = "WebApplication", "WebApplication\WebApplication.csproj", "{DC110A3C-076F-4773-8711-06FF9F890A48}"
EndProject
Project("{FAE04EC0-301F-11D3-BF4B-00C04F79EFBC}") = "Modular.Modules.Core", "Modules\Modular.Modules.Core\Modular.Modules.Core.csproj", "{CE54A5CA-D4CB-4B5A-8DDD-C2969487DE0C}"
EndProject
Project("{FAE04EC0-301F-11D3-BF4B-00C04F79EFBC}") = "Modular.Modules.ModuleC", "Modules\Modular.Modules.ModuleC\Modular.Modules.ModuleC.csproj", "{E383071C-AA08-4FB1-95C3-B6CC6B1A5C21}"
EndProject
Project("{FAE04EC0-301F-11D3-BF4B-00C04F79EFBC}") = "Modular.Modules.EmailSMTP", "Modules\Modular.Modules.EmailSMTP\Modular.Modules.EmailSMTP.csproj", "{AE619035-1861-4052-9B8F-941A4EAC3DD6}"
EndProject
Global
	GlobalSection(SolutionConfigurationPlatforms) = preSolution
		Debug|Any CPU = Debug|Any CPU
		Release|Any CPU = Release|Any CPU
	EndGlobalSection
	GlobalSection(ProjectConfigurationPlatforms) = postSolution
		{1F3FA547-1650-402F-9D8B-DB1E9FE4C3BC}.Debug|Any CPU.ActiveCfg = Debug|Any CPU
		{1F3FA547-1650-402F-9D8B-DB1E9FE4C3BC}.Debug|Any CPU.Build.0 = Debug|Any CPU
		{1F3FA547-1650-402F-9D8B-DB1E9FE4C3BC}.Release|Any CPU.ActiveCfg = Release|Any CPU
		{1F3FA547-1650-402F-9D8B-DB1E9FE4C3BC}.Release|Any CPU.Build.0 = Release|Any CPU
		{339C79CA-9232-4935-8AC8-5A4A62E3385D}.Debug|Any CPU.ActiveCfg = Debug|Any CPU
		{339C79CA-9232-4935-8AC8-5A4A62E3385D}.Debug|Any CPU.Build.0 = Debug|Any CPU
		{339C79CA-9232-4935-8AC8-5A4A62E3385D}.Release|Any CPU.ActiveCfg = Release|Any CPU
		{339C79CA-9232-4935-8AC8-5A4A62E3385D}.Release|Any CPU.Build.0 = Release|Any CPU
		{DC110A3C-076F-4773-8711-06FF9F890A48}.Debug|Any CPU.ActiveCfg = Debug|Any CPU
		{DC110A3C-076F-4773-8711-06FF9F890A48}.Debug|Any CPU.Build.0 = Debug|Any CPU
		{DC110A3C-076F-4773-8711-06FF9F890A48}.Release|Any CPU.ActiveCfg = Release|Any CPU
		{DC110A3C-076F-4773-8711-06FF9F890A48}.Release|Any CPU.Build.0 = Release|Any CPU
		{CE54A5CA-D4CB-4B5A-8DDD-C2969487DE0C}.Debug|Any CPU.ActiveCfg = Debug|Any CPU
		{CE54A5CA-D4CB-4B5A-8DDD-C2969487DE0C}.Debug|Any CPU.Build.0 = Debug|Any CPU
		{CE54A5CA-D4CB-4B5A-8DDD-C2969487DE0C}.Release|Any CPU.ActiveCfg = Release|Any CPU
		{CE54A5CA-D4CB-4B5A-8DDD-C2969487DE0C}.Release|Any CPU.Build.0 = Release|Any CPU
		{E383071C-AA08-4FB1-95C3-B6CC6B1A5C21}.Debug|Any CPU.ActiveCfg = Debug|Any CPU
		{E383071C-AA08-4FB1-95C3-B6CC6B1A5C21}.Debug|Any CPU.Build.0 = Debug|Any CPU
		{E383071C-AA08-4FB1-95C3-B6CC6B1A5C21}.Release|Any CPU.ActiveCfg = Release|Any CPU
		{E383071C-AA08-4FB1-95C3-B6CC6B1A5C21}.Release|Any CPU.Build.0 = Release|Any CPU
		{AE619035-1861-4052-9B8F-941A4EAC3DD6}.Debug|Any CPU.ActiveCfg = Debug|Any CPU
		{AE619035-1861-4052-9B8F-941A4EAC3DD6}.Debug|Any CPU.Build.0 = Debug|Any CPU
		{AE619035-1861-4052-9B8F-941A4EAC3DD6}.Release|Any CPU.ActiveCfg = Release|Any CPU
		{AE619035-1861-4052-9B8F-941A4EAC3DD6}.Release|Any CPU.Build.0 = Release|Any CPU
	EndGlobalSection
	GlobalSection(SolutionProperties) = preSolution
		HideSolutionNode = FALSE
	EndGlobalSection
	GlobalSection(NestedProjects) = preSolution
		{CE54A5CA-D4CB-4B5A-8DDD-C2969487DE0C} = {C42442A9-441E-452A-82E3-FCA2EB29D835}
		{E383071C-AA08-4FB1-95C3-B6CC6B1A5C21} = {C42442A9-441E-452A-82E3-FCA2EB29D835}
		{AE619035-1861-4052-9B8F-941A4EAC3DD6} = {C42442A9-441E-452A-82E3-FCA2EB29D835}
	EndGlobalSection
	GlobalSection(ExtensibilityGlobals) = postSolution
		SolutionGuid = {73D8136C-F87F-4B3E-8474-B37FD4B377B3}
	EndGlobalSection
EndGlobal
