
Microsoft Visual Studio Solution File, Format Version 12.00
# Visual Studio 15
Project("{FAE04EC0-301F-11D3-BF4B-00C04F79EFBC}") = "Modular.Modules.Core", "Modular.Modules.Core.csproj", "{4F2F32D5-F0F3-4ADE-8BE4-39F8614C8293}"
EndProject
Project("{FAE04EC0-301F-11D3-BF4B-00C04F79EFBC}") = "Modular.Core", "..\..\Core\Modular.Core\Modular.Core.csproj", "{1D6F7B1D-69F8-414F-A523-9745FB75017A}"
EndProject
Global
	GlobalSection(SolutionConfigurationPlatforms) = preSolution
		Debug|Any CPU = Debug|Any CPU
		Release|Any CPU = Release|Any CPU
	EndGlobalSection
	GlobalSection(ProjectConfigurationPlatforms) = postSolution
		{4F2F32D5-F0F3-4ADE-8BE4-39F8614C8293}.Debug|Any CPU.ActiveCfg = Debug|Any CPU
		{4F2F32D5-F0F3-4ADE-8BE4-39F8614C8293}.Debug|Any CPU.Build.0 = Debug|Any CPU
		{4F2F32D5-F0F3-4ADE-8BE4-39F8614C8293}.Release|Any CPU.ActiveCfg = Release|Any CPU
		{4F2F32D5-F0F3-4ADE-8BE4-39F8614C8293}.Release|Any CPU.Build.0 = Release|Any CPU
		{1D6F7B1D-69F8-414F-A523-9745FB75017A}.Debug|Any CPU.ActiveCfg = Debug|Any CPU
		{1D6F7B1D-69F8-414F-A523-9745FB75017A}.Debug|Any CPU.Build.0 = Debug|Any CPU
		{1D6F7B1D-69F8-414F-A523-9745FB75017A}.Release|Any CPU.ActiveCfg = Release|Any CPU
		{1D6F7B1D-69F8-414F-A523-9745FB75017A}.Release|Any CPU.Build.0 = Release|Any CPU
	EndGlobalSection
EndGlobal
